
Microsoft Visual Studio Solution File, Format Version 12.00
Project("{FAE04EC0-301F-11D3-BF4B-00C04F79EFBC}") = "anon-message-loop", "anon-message-loop\anon-message-loop.csproj", "{EA707898-B59C-4386-AC8E-4B2D30BC1A04}"
EndProject
Global
	GlobalSection(SolutionConfigurationPlatforms) = preSolution
		Debug|Any CPU = Debug|Any CPU
		Release|Any CPU = Release|Any CPU
	EndGlobalSection
	GlobalSection(ProjectConfigurationPlatforms) = postSolution
		{EA707898-B59C-4386-AC8E-4B2D30BC1A04}.Debug|Any CPU.ActiveCfg = Debug|Any CPU
		{EA707898-B59C-4386-AC8E-4B2D30BC1A04}.Debug|Any CPU.Build.0 = Debug|Any CPU
		{EA707898-B59C-4386-AC8E-4B2D30BC1A04}.Release|Any CPU.ActiveCfg = Release|Any CPU
		{EA707898-B59C-4386-AC8E-4B2D30BC1A04}.Release|Any CPU.Build.0 = Release|Any CPU
	EndGlobalSection
EndGlobal